
Microsoft Visual Studio Solution File, Format Version 12.00
# Visual Studio Version 17
VisualStudioVersion = 17.1.32228.430
MinimumVisualStudioVersion = 10.0.40219.1
Project("{FAE04EC0-301F-11D3-BF4B-00C04F79EFBC}") = "BusinessApi", "BusinessApi.csproj", "{A6A16810-9485-4E98-B22D-D0F3EC4BA6BC}"
EndProject
Global
	GlobalSection(SolutionConfigurationPlatforms) = preSolution
		Debug|Any CPU = Debug|Any CPU
		Release|Any CPU = Release|Any CPU
	EndGlobalSection
	GlobalSection(ProjectConfigurationPlatforms) = postSolution
		{A6A16810-9485-4E98-B22D-D0F3EC4BA6BC}.Debug|Any CPU.ActiveCfg = Debug|Any CPU
		{A6A16810-9485-4E98-B22D-D0F3EC4BA6BC}.Debug|Any CPU.Build.0 = Debug|Any CPU
		{A6A16810-9485-4E98-B22D-D0F3EC4BA6BC}.Release|Any CPU.ActiveCfg = Release|Any CPU
		{A6A16810-9485-4E98-B22D-D0F3EC4BA6BC}.Release|Any CPU.Build.0 = Release|Any CPU
	EndGlobalSection
	GlobalSection(SolutionProperties) = preSolution
		HideSolutionNode = FALSE
	EndGlobalSection
	GlobalSection(ExtensibilityGlobals) = postSolution
		SolutionGuid = {31B36111-BFC7-45FE-B413-3AF4A00E6FC1}
	EndGlobalSection
EndGlobal
